// !$*UTF8*$!
{
	archiveVersion = 1;
	classes = {
	};
	objectVersion = 56;
	objects = {

/* Begin PBXBuildFile section */
		EC28D53529B551E00033DEE4 /* AnimalGridItemView.swift in Sources */ = {isa = PBXBuildFile; fileRef = EC28D53429B551E00033DEE4 /* AnimalGridItemView.swift */; };
		EC5640D029AFD09C00E67FB9 /* AfricaApp.swift in Sources */ = {isa = PBXBuildFile; fileRef = EC5640CF29AFD09C00E67FB9 /* AfricaApp.swift */; };
		EC5640D229AFD09C00E67FB9 /* ContentView.swift in Sources */ = {isa = PBXBuildFile; fileRef = EC5640D129AFD09C00E67FB9 /* ContentView.swift */; };
		EC5640D429AFD09D00E67FB9 /* Assets.xcassets in Resources */ = {isa = PBXBuildFile; fileRef = EC5640D329AFD09D00E67FB9 /* Assets.xcassets */; };
		EC5640D729AFD09D00E67FB9 /* Preview Assets.xcassets in Resources */ = {isa = PBXBuildFile; fileRef = EC5640D629AFD09D00E67FB9 /* Preview Assets.xcassets */; };
		EC56410729AFD43000E67FB9 /* VideoListView.swift in Sources */ = {isa = PBXBuildFile; fileRef = EC56410629AFD43000E67FB9 /* VideoListView.swift */; };
		EC56410929AFD43D00E67FB9 /* MapView.swift in Sources */ = {isa = PBXBuildFile; fileRef = EC56410829AFD43D00E67FB9 /* MapView.swift */; };
		EC56410B29AFD44400E67FB9 /* GalleryView.swift in Sources */ = {isa = PBXBuildFile; fileRef = EC56410A29AFD44400E67FB9 /* GalleryView.swift */; };
		EC56410D29AFD44D00E67FB9 /* MainView.swift in Sources */ = {isa = PBXBuildFile; fileRef = EC56410C29AFD44D00E67FB9 /* MainView.swift */; };
		EC56411029AFDBB900E67FB9 /* CoverImageView.swift in Sources */ = {isa = PBXBuildFile; fileRef = EC56410F29AFDBB900E67FB9 /* CoverImageView.swift */; };
		EC56411329AFDFA400E67FB9 /* CoverImageModel.swift in Sources */ = {isa = PBXBuildFile; fileRef = EC56411229AFDFA400E67FB9 /* CoverImageModel.swift */; };
		EC56411629AFE09400E67FB9 /* CodableBundleExtension.swift in Sources */ = {isa = PBXBuildFile; fileRef = EC56411529AFE09400E67FB9 /* CodableBundleExtension.swift */; };
		EC56411D29AFE5A500E67FB9 /* covers.json in Resources */ = {isa = PBXBuildFile; fileRef = EC56411929AFE5A500E67FB9 /* covers.json */; };
		EC56411E29AFE5A500E67FB9 /* locations.json in Resources */ = {isa = PBXBuildFile; fileRef = EC56411A29AFE5A500E67FB9 /* locations.json */; };
		EC56411F29AFE5A500E67FB9 /* animals.json in Resources */ = {isa = PBXBuildFile; fileRef = EC56411B29AFE5A500E67FB9 /* animals.json */; };
		EC56412029AFE5A500E67FB9 /* videos.json in Resources */ = {isa = PBXBuildFile; fileRef = EC56411C29AFE5A500E67FB9 /* videos.json */; };
		EC56412C29AFE64E00E67FB9 /* rhino.mp4 in Resources */ = {isa = PBXBuildFile; fileRef = EC56412229AFE64C00E67FB9 /* rhino.mp4 */; };
		EC56412D29AFE64E00E67FB9 /* giraffe.mp4 in Resources */ = {isa = PBXBuildFile; fileRef = EC56412329AFE64C00E67FB9 /* giraffe.mp4 */; };
		EC56412E29AFE64E00E67FB9 /* lion.mp4 in Resources */ = {isa = PBXBuildFile; fileRef = EC56412429AFE64C00E67FB9 /* lion.mp4 */; };
		EC56412F29AFE64E00E67FB9 /* gorilla.mp4 in Resources */ = {isa = PBXBuildFile; fileRef = EC56412529AFE64C00E67FB9 /* gorilla.mp4 */; };
		EC56413029AFE64E00E67FB9 /* elephant.mp4 in Resources */ = {isa = PBXBuildFile; fileRef = EC56412629AFE64D00E67FB9 /* elephant.mp4 */; };
		EC56413129AFE64E00E67FB9 /* zebra.mp4 in Resources */ = {isa = PBXBuildFile; fileRef = EC56412729AFE64D00E67FB9 /* zebra.mp4 */; };
		EC56413229AFE64E00E67FB9 /* hippo.mp4 in Resources */ = {isa = PBXBuildFile; fileRef = EC56412829AFE64D00E67FB9 /* hippo.mp4 */; };
		EC56413329AFE64E00E67FB9 /* cheetah.mp4 in Resources */ = {isa = PBXBuildFile; fileRef = EC56412929AFE64D00E67FB9 /* cheetah.mp4 */; };
		EC56413429AFE64E00E67FB9 /* ostrich.mp4 in Resources */ = {isa = PBXBuildFile; fileRef = EC56412A29AFE64D00E67FB9 /* ostrich.mp4 */; };
		EC56413529AFE64E00E67FB9 /* lioness.mp4 in Resources */ = {isa = PBXBuildFile; fileRef = EC56412B29AFE64E00E67FB9 /* lioness.mp4 */; };
		EC56413929AFECAB00E67FB9 /* AnimalListItemView.swift in Sources */ = {isa = PBXBuildFile; fileRef = EC56413829AFECAB00E67FB9 /* AnimalListItemView.swift */; };
		EC56413B29AFEF2700E67FB9 /* AnimalModel.swift in Sources */ = {isa = PBXBuildFile; fileRef = EC56413A29AFEF2700E67FB9 /* AnimalModel.swift */; };
		EC56413E29AFF33B00E67FB9 /* AnimalDetailView.swift in Sources */ = {isa = PBXBuildFile; fileRef = EC56413D29AFF33B00E67FB9 /* AnimalDetailView.swift */; };
		EC56414029B00A9200E67FB9 /* HeadingView.swift in Sources */ = {isa = PBXBuildFile; fileRef = EC56413F29B00A9200E67FB9 /* HeadingView.swift */; };
		EC56414229B00C3F00E67FB9 /* InsetGalleryView.swift in Sources */ = {isa = PBXBuildFile; fileRef = EC56414129B00C3F00E67FB9 /* InsetGalleryView.swift */; };
		ECFCB7A929B361FE0032ADAA /* InsetFactsView.swift in Sources */ = {isa = PBXBuildFile; fileRef = ECFCB7A829B361FE0032ADAA /* InsetFactsView.swift */; };
		ECFCB7AB29B364890032ADAA /* InsetMapView.swift in Sources */ = {isa = PBXBuildFile; fileRef = ECFCB7AA29B364890032ADAA /* InsetMapView.swift */; };
		ECFCB7AD29B368A30032ADAA /* ExternalWebLinkView.swift in Sources */ = {isa = PBXBuildFile; fileRef = ECFCB7AC29B368A30032ADAA /* ExternalWebLinkView.swift */; };
		ECFCB7AF29B36B270032ADAA /* VideoModel.swift in Sources */ = {isa = PBXBuildFile; fileRef = ECFCB7AE29B36B270032ADAA /* VideoModel.swift */; };
		ECFCB7B129B36B6C0032ADAA /* VideoListItemView.swift in Sources */ = {isa = PBXBuildFile; fileRef = ECFCB7B029B36B6C0032ADAA /* VideoListItemView.swift */; };
		ECFCB7B329B3F8EF0032ADAA /* VideoPlayerView.swift in Sources */ = {isa = PBXBuildFile; fileRef = ECFCB7B229B3F8EF0032ADAA /* VideoPlayerView.swift */; };
		ECFCB7B629B3F99B0032ADAA /* VideoPlayerHelper.swift in Sources */ = {isa = PBXBuildFile; fileRef = ECFCB7B529B3F99B0032ADAA /* VideoPlayerHelper.swift */; };
		ECFCB7B829B3FECD0032ADAA /* LocationModel.swift in Sources */ = {isa = PBXBuildFile; fileRef = ECFCB7B729B3FECD0032ADAA /* LocationModel.swift */; };
		ECFCB7BA29B4022E0032ADAA /* MapAnnotationView.swift in Sources */ = {isa = PBXBuildFile; fileRef = ECFCB7B929B4022E0032ADAA /* MapAnnotationView.swift */; };
		ECFCB7BC29B407930032ADAA /* MotionAnimationVIew.swift in Sources */ = {isa = PBXBuildFile; fileRef = ECFCB7BB29B407930032ADAA /* MotionAnimationVIew.swift */; };
/* End PBXBuildFile section */

/* Begin PBXFileReference section */
		EC28D53429B551E00033DEE4 /* AnimalGridItemView.swift */ = {isa = PBXFileReference; lastKnownFileType = sourcecode.swift; path = AnimalGridItemView.swift; sourceTree = "<group>"; };
		EC5640CC29AFD09C00E67FB9 /* Africa.app */ = {isa = PBXFileReference; explicitFileType = wrapper.application; includeInIndex = 0; path = Africa.app; sourceTree = BUILT_PRODUCTS_DIR; };
		EC5640CF29AFD09C00E67FB9 /* AfricaApp.swift */ = {isa = PBXFileReference; lastKnownFileType = sourcecode.swift; path = AfricaApp.swift; sourceTree = "<group>"; };
		EC5640D129AFD09C00E67FB9 /* ContentView.swift */ = {isa = PBXFileReference; lastKnownFileType = sourcecode.swift; path = ContentView.swift; sourceTree = "<group>"; };
		EC5640D329AFD09D00E67FB9 /* Assets.xcassets */ = {isa = PBXFileReference; lastKnownFileType = folder.assetcatalog; path = Assets.xcassets; sourceTree = "<group>"; };
		EC5640D629AFD09D00E67FB9 /* Preview Assets.xcassets */ = {isa = PBXFileReference; lastKnownFileType = folder.assetcatalog; path = "Preview Assets.xcassets"; sourceTree = "<group>"; };
		EC56410429AFD38400E67FB9 /* Info.plist */ = {isa = PBXFileReference; lastKnownFileType = text.plist; path = Info.plist; sourceTree = "<group>"; };
		EC56410629AFD43000E67FB9 /* VideoListView.swift */ = {isa = PBXFileReference; lastKnownFileType = sourcecode.swift; path = VideoListView.swift; sourceTree = "<group>"; };
		EC56410829AFD43D00E67FB9 /* MapView.swift */ = {isa = PBXFileReference; lastKnownFileType = sourcecode.swift; path = MapView.swift; sourceTree = "<group>"; };
		EC56410A29AFD44400E67FB9 /* GalleryView.swift */ = {isa = PBXFileReference; lastKnownFileType = sourcecode.swift; path = GalleryView.swift; sourceTree = "<group>"; };
		EC56410C29AFD44D00E67FB9 /* MainView.swift */ = {isa = PBXFileReference; lastKnownFileType = sourcecode.swift; path = MainView.swift; sourceTree = "<group>"; };
		EC56410F29AFDBB900E67FB9 /* CoverImageView.swift */ = {isa = PBXFileReference; lastKnownFileType = sourcecode.swift; path = CoverImageView.swift; sourceTree = "<group>"; };
		EC56411229AFDFA400E67FB9 /* CoverImageModel.swift */ = {isa = PBXFileReference; lastKnownFileType = sourcecode.swift; path = CoverImageModel.swift; sourceTree = "<group>"; };
		EC56411529AFE09400E67FB9 /* CodableBundleExtension.swift */ = {isa = PBXFileReference; lastKnownFileType = sourcecode.swift; path = CodableBundleExtension.swift; sourceTree = "<group>"; };
		EC56411929AFE5A500E67FB9 /* covers.json */ = {isa = PBXFileReference; fileEncoding = 4; lastKnownFileType = text.json; path = covers.json; sourceTree = "<group>"; };
		EC56411A29AFE5A500E67FB9 /* locations.json */ = {isa = PBXFileReference; fileEncoding = 4; lastKnownFileType = text.json; path = locations.json; sourceTree = "<group>"; };
		EC56411B29AFE5A500E67FB9 /* animals.json */ = {isa = PBXFileReference; fileEncoding = 4; lastKnownFileType = text.json; path = animals.json; sourceTree = "<group>"; };
		EC56411C29AFE5A500E67FB9 /* videos.json */ = {isa = PBXFileReference; fileEncoding = 4; lastKnownFileType = text.json; path = videos.json; sourceTree = "<group>"; };
		EC56412229AFE64C00E67FB9 /* rhino.mp4 */ = {isa = PBXFileReference; lastKnownFileType = file; path = rhino.mp4; sourceTree = "<group>"; };
		EC56412329AFE64C00E67FB9 /* giraffe.mp4 */ = {isa = PBXFileReference; lastKnownFileType = file; path = giraffe.mp4; sourceTree = "<group>"; };
		EC56412429AFE64C00E67FB9 /* lion.mp4 */ = {isa = PBXFileReference; lastKnownFileType = file; path = lion.mp4; sourceTree = "<group>"; };
		EC56412529AFE64C00E67FB9 /* gorilla.mp4 */ = {isa = PBXFileReference; lastKnownFileType = file; path = gorilla.mp4; sourceTree = "<group>"; };
		EC56412629AFE64D00E67FB9 /* elephant.mp4 */ = {isa = PBXFileReference; lastKnownFileType = file; path = elephant.mp4; sourceTree = "<group>"; };
		EC56412729AFE64D00E67FB9 /* zebra.mp4 */ = {isa = PBXFileReference; lastKnownFileType = file; path = zebra.mp4; sourceTree = "<group>"; };
		EC56412829AFE64D00E67FB9 /* hippo.mp4 */ = {isa = PBXFileReference; lastKnownFileType = file; path = hippo.mp4; sourceTree = "<group>"; };
		EC56412929AFE64D00E67FB9 /* cheetah.mp4 */ = {isa = PBXFileReference; lastKnownFileType = file; path = cheetah.mp4; sourceTree = "<group>"; };
		EC56412A29AFE64D00E67FB9 /* ostrich.mp4 */ = {isa = PBXFileReference; lastKnownFileType = file; path = ostrich.mp4; sourceTree = "<group>"; };
		EC56412B29AFE64E00E67FB9 /* lioness.mp4 */ = {isa = PBXFileReference; lastKnownFileType = file; path = lioness.mp4; sourceTree = "<group>"; };
		EC56413829AFECAB00E67FB9 /* AnimalListItemView.swift */ = {isa = PBXFileReference; lastKnownFileType = sourcecode.swift; path = AnimalListItemView.swift; sourceTree = "<group>"; };
		EC56413A29AFEF2700E67FB9 /* AnimalModel.swift */ = {isa = PBXFileReference; lastKnownFileType = sourcecode.swift; path = AnimalModel.swift; sourceTree = "<group>"; };
		EC56413D29AFF33B00E67FB9 /* AnimalDetailView.swift */ = {isa = PBXFileReference; lastKnownFileType = sourcecode.swift; path = AnimalDetailView.swift; sourceTree = "<group>"; };
		EC56413F29B00A9200E67FB9 /* HeadingView.swift */ = {isa = PBXFileReference; lastKnownFileType = sourcecode.swift; path = HeadingView.swift; sourceTree = "<group>"; };
		EC56414129B00C3F00E67FB9 /* InsetGalleryView.swift */ = {isa = PBXFileReference; lastKnownFileType = sourcecode.swift; path = InsetGalleryView.swift; sourceTree = "<group>"; };
		ECFCB7A829B361FE0032ADAA /* InsetFactsView.swift */ = {isa = PBXFileReference; lastKnownFileType = sourcecode.swift; path = InsetFactsView.swift; sourceTree = "<group>"; };
		ECFCB7AA29B364890032ADAA /* InsetMapView.swift */ = {isa = PBXFileReference; lastKnownFileType = sourcecode.swift; path = InsetMapView.swift; sourceTree = "<group>"; };
		ECFCB7AC29B368A30032ADAA /* ExternalWebLinkView.swift */ = {isa = PBXFileReference; lastKnownFileType = sourcecode.swift; path = ExternalWebLinkView.swift; sourceTree = "<group>"; };
		ECFCB7AE29B36B270032ADAA /* VideoModel.swift */ = {isa = PBXFileReference; lastKnownFileType = sourcecode.swift; path = VideoModel.swift; sourceTree = "<group>"; };
		ECFCB7B029B36B6C0032ADAA /* VideoListItemView.swift */ = {isa = PBXFileReference; lastKnownFileType = sourcecode.swift; path = VideoListItemView.swift; sourceTree = "<group>"; };
		ECFCB7B229B3F8EF0032ADAA /* VideoPlayerView.swift */ = {isa = PBXFileReference; lastKnownFileType = sourcecode.swift; path = VideoPlayerView.swift; sourceTree = "<group>"; };
		ECFCB7B529B3F99B0032ADAA /* VideoPlayerHelper.swift */ = {isa = PBXFileReference; lastKnownFileType = sourcecode.swift; path = VideoPlayerHelper.swift; sourceTree = "<group>"; };
		ECFCB7B729B3FECD0032ADAA /* LocationModel.swift */ = {isa = PBXFileReference; lastKnownFileType = sourcecode.swift; path = LocationModel.swift; sourceTree = "<group>"; };
		ECFCB7B929B4022E0032ADAA /* MapAnnotationView.swift */ = {isa = PBXFileReference; lastKnownFileType = sourcecode.swift; path = MapAnnotationView.swift; sourceTree = "<group>"; };
		ECFCB7BB29B407930032ADAA /* MotionAnimationVIew.swift */ = {isa = PBXFileReference; lastKnownFileType = sourcecode.swift; path = MotionAnimationVIew.swift; sourceTree = "<group>"; };
/* End PBXFileReference section */

/* Begin PBXFrameworksBuildPhase section */
		EC5640C929AFD09C00E67FB9 /* Frameworks */ = {
			isa = PBXFrameworksBuildPhase;
			buildActionMask = 2147483647;
			files = (
			);
			runOnlyForDeploymentPostprocessing = 0;
		};
/* End PBXFrameworksBuildPhase section */

/* Begin PBXGroup section */
		EC5640C329AFD09C00E67FB9 = {
			isa = PBXGroup;
			children = (
				EC5640CE29AFD09C00E67FB9 /* Africa */,
				EC5640CD29AFD09C00E67FB9 /* Products */,
			);
			sourceTree = "<group>";
		};
		EC5640CD29AFD09C00E67FB9 /* Products */ = {
			isa = PBXGroup;
			children = (
				EC5640CC29AFD09C00E67FB9 /* Africa.app */,
			);
			name = Products;
			sourceTree = "<group>";
		};
		EC5640CE29AFD09C00E67FB9 /* Africa */ = {
			isa = PBXGroup;
			children = (
				ECFCB7B429B3F98B0032ADAA /* Helper */,
				EC56410529AFD3F800E67FB9 /* App */,
				EC5640D329AFD09D00E67FB9 /* Assets.xcassets */,
				EC56411829AFE54800E67FB9 /* Data */,
				EC56411429AFE07900E67FB9 /* Extension */,
				EC56410429AFD38400E67FB9 /* Info.plist */,
				EC56411129AFDF7E00E67FB9 /* Model */,
				EC5640D529AFD09D00E67FB9 /* Preview Content */,
				EC56412129AFE61100E67FB9 /* Video */,
				EC56410E29AFDB9C00E67FB9 /* View */,
			);
			path = Africa;
			sourceTree = "<group>";
		};
		EC5640D529AFD09D00E67FB9 /* Preview Content */ = {
			isa = PBXGroup;
			children = (
				EC5640D629AFD09D00E67FB9 /* Preview Assets.xcassets */,
			);
			path = "Preview Content";
			sourceTree = "<group>";
		};
		EC56410529AFD3F800E67FB9 /* App */ = {
			isa = PBXGroup;
			children = (
				EC5640CF29AFD09C00E67FB9 /* AfricaApp.swift */,
				EC5640D129AFD09C00E67FB9 /* ContentView.swift */,
				EC56410629AFD43000E67FB9 /* VideoListView.swift */,
				EC56410829AFD43D00E67FB9 /* MapView.swift */,
				EC56410A29AFD44400E67FB9 /* GalleryView.swift */,
				EC56410C29AFD44D00E67FB9 /* MainView.swift */,
			);
			path = App;
			sourceTree = "<group>";
		};
		EC56410E29AFDB9C00E67FB9 /* View */ = {
			isa = PBXGroup;
			children = (
				EC56410F29AFDBB900E67FB9 /* CoverImageView.swift */,
				EC56413829AFECAB00E67FB9 /* AnimalListItemView.swift */,
				EC56413D29AFF33B00E67FB9 /* AnimalDetailView.swift */,
				EC56413F29B00A9200E67FB9 /* HeadingView.swift */,
				EC56414129B00C3F00E67FB9 /* InsetGalleryView.swift */,
				ECFCB7A829B361FE0032ADAA /* InsetFactsView.swift */,
				ECFCB7AA29B364890032ADAA /* InsetMapView.swift */,
				ECFCB7AC29B368A30032ADAA /* ExternalWebLinkView.swift */,
				ECFCB7B029B36B6C0032ADAA /* VideoListItemView.swift */,
				ECFCB7B229B3F8EF0032ADAA /* VideoPlayerView.swift */,
				ECFCB7B929B4022E0032ADAA /* MapAnnotationView.swift */,
				ECFCB7BB29B407930032ADAA /* MotionAnimationVIew.swift */,
				EC28D53429B551E00033DEE4 /* AnimalGridItemView.swift */,
			);
			path = View;
			sourceTree = "<group>";
		};
		EC56411129AFDF7E00E67FB9 /* Model */ = {
			isa = PBXGroup;
			children = (
				EC56411229AFDFA400E67FB9 /* CoverImageModel.swift */,
				EC56413A29AFEF2700E67FB9 /* AnimalModel.swift */,
				ECFCB7AE29B36B270032ADAA /* VideoModel.swift */,
				ECFCB7B729B3FECD0032ADAA /* LocationModel.swift */,
			);
			path = Model;
			sourceTree = "<group>";
		};
		EC56411429AFE07900E67FB9 /* Extension */ = {
			isa = PBXGroup;
			children = (
				EC56411529AFE09400E67FB9 /* CodableBundleExtension.swift */,
			);
			path = Extension;
			sourceTree = "<group>";
		};
		EC56411829AFE54800E67FB9 /* Data */ = {
			isa = PBXGroup;
			children = (
				EC56411B29AFE5A500E67FB9 /* animals.json */,
				EC56411929AFE5A500E67FB9 /* covers.json */,
				EC56411A29AFE5A500E67FB9 /* locations.json */,
				EC56411C29AFE5A500E67FB9 /* videos.json */,
			);
			path = Data;
			sourceTree = "<group>";
		};
		EC56412129AFE61100E67FB9 /* Video */ = {
			isa = PBXGroup;
			children = (
				EC56412929AFE64D00E67FB9 /* cheetah.mp4 */,
				EC56412629AFE64D00E67FB9 /* elephant.mp4 */,
				EC56412329AFE64C00E67FB9 /* giraffe.mp4 */,
				EC56412529AFE64C00E67FB9 /* gorilla.mp4 */,
				EC56412829AFE64D00E67FB9 /* hippo.mp4 */,
				EC56412429AFE64C00E67FB9 /* lion.mp4 */,
				EC56412B29AFE64E00E67FB9 /* lioness.mp4 */,
				EC56412A29AFE64D00E67FB9 /* ostrich.mp4 */,
				EC56412229AFE64C00E67FB9 /* rhino.mp4 */,
				EC56412729AFE64D00E67FB9 /* zebra.mp4 */,
			);
			path = Video;
			sourceTree = "<group>";
		};
		ECFCB7B429B3F98B0032ADAA /* Helper */ = {
			isa = PBXGroup;
			children = (
				ECFCB7B529B3F99B0032ADAA /* VideoPlayerHelper.swift */,
			);
			path = Helper;
			sourceTree = "<group>";
		};
/* End PBXGroup section */

/* Begin PBXNativeTarget section */
		EC5640CB29AFD09C00E67FB9 /* Africa */ = {
			isa = PBXNativeTarget;
			buildConfigurationList = EC5640DA29AFD09D00E67FB9 /* Build configuration list for PBXNativeTarget "Africa" */;
			buildPhases = (
				EC5640C829AFD09C00E67FB9 /* Sources */,
				EC5640C929AFD09C00E67FB9 /* Frameworks */,
				EC5640CA29AFD09C00E67FB9 /* Resources */,
			);
			buildRules = (
			);
			dependencies = (
			);
			name = Africa;
			productName = Africa;
			productReference = EC5640CC29AFD09C00E67FB9 /* Africa.app */;
			productType = "com.apple.product-type.application";
		};
/* End PBXNativeTarget section */

/* Begin PBXProject section */
		EC5640C429AFD09C00E67FB9 /* Project object */ = {
			isa = PBXProject;
			attributes = {
				BuildIndependentTargetsInParallel = 1;
				LastSwiftUpdateCheck = 1420;
				LastUpgradeCheck = 1420;
				TargetAttributes = {
					EC5640CB29AFD09C00E67FB9 = {
						CreatedOnToolsVersion = 14.2;
					};
				};
			};
			buildConfigurationList = EC5640C729AFD09C00E67FB9 /* Build configuration list for PBXProject "Africa" */;
			compatibilityVersion = "Xcode 14.0";
			developmentRegion = en;
			hasScannedForEncodings = 0;
			knownRegions = (
				en,
				Base,
			);
			mainGroup = EC5640C329AFD09C00E67FB9;
			productRefGroup = EC5640CD29AFD09C00E67FB9 /* Products */;
			projectDirPath = "";
			projectRoot = "";
			targets = (
				EC5640CB29AFD09C00E67FB9 /* Africa */,
			);
		};
/* End PBXProject section */

/* Begin PBXResourcesBuildPhase section */
		EC5640CA29AFD09C00E67FB9 /* Resources */ = {
			isa = PBXResourcesBuildPhase;
			buildActionMask = 2147483647;
			files = (
				EC56411D29AFE5A500E67FB9 /* covers.json in Resources */,
				EC56411E29AFE5A500E67FB9 /* locations.json in Resources */,
				EC56412F29AFE64E00E67FB9 /* gorilla.mp4 in Resources */,
				EC56413429AFE64E00E67FB9 /* ostrich.mp4 in Resources */,
				EC56412029AFE5A500E67FB9 /* videos.json in Resources */,
				EC56413129AFE64E00E67FB9 /* zebra.mp4 in Resources */,
				EC56411F29AFE5A500E67FB9 /* animals.json in Resources */,
				EC56413529AFE64E00E67FB9 /* lioness.mp4 in Resources */,
				EC56413329AFE64E00E67FB9 /* cheetah.mp4 in Resources */,
				EC56413229AFE64E00E67FB9 /* hippo.mp4 in Resources */,
				EC56412C29AFE64E00E67FB9 /* rhino.mp4 in Resources */,
				EC5640D729AFD09D00E67FB9 /* Preview Assets.xcassets in Resources */,
				EC56412D29AFE64E00E67FB9 /* giraffe.mp4 in Resources */,
				EC56412E29AFE64E00E67FB9 /* lion.mp4 in Resources */,
				EC5640D429AFD09D00E67FB9 /* Assets.xcassets in Resources */,
				EC56413029AFE64E00E67FB9 /* elephant.mp4 in Resources */,
			);
			runOnlyForDeploymentPostprocessing = 0;
		};
/* End PBXResourcesBuildPhase section */

/* Begin PBXSourcesBuildPhase section */
		EC5640C829AFD09C00E67FB9 /* Sources */ = {
			isa = PBXSourcesBuildPhase;
			buildActionMask = 2147483647;
			files = (
				EC5640D229AFD09C00E67FB9 /* ContentView.swift in Sources */,
				EC56413929AFECAB00E67FB9 /* AnimalListItemView.swift in Sources */,
				EC56410D29AFD44D00E67FB9 /* MainView.swift in Sources */,
				EC56411029AFDBB900E67FB9 /* CoverImageView.swift in Sources */,
				EC56410929AFD43D00E67FB9 /* MapView.swift in Sources */,
				ECFCB7BC29B407930032ADAA /* MotionAnimationVIew.swift in Sources */,
				EC56413E29AFF33B00E67FB9 /* AnimalDetailView.swift in Sources */,
				EC56413B29AFEF2700E67FB9 /* AnimalModel.swift in Sources */,
				EC56411329AFDFA400E67FB9 /* CoverImageModel.swift in Sources */,
				ECFCB7A929B361FE0032ADAA /* InsetFactsView.swift in Sources */,
				ECFCB7AB29B364890032ADAA /* InsetMapView.swift in Sources */,
				ECFCB7B629B3F99B0032ADAA /* VideoPlayerHelper.swift in Sources */,
				EC5640D029AFD09C00E67FB9 /* AfricaApp.swift in Sources */,
				ECFCB7AD29B368A30032ADAA /* ExternalWebLinkView.swift in Sources */,
				ECFCB7BA29B4022E0032ADAA /* MapAnnotationView.swift in Sources */,
				EC56410729AFD43000E67FB9 /* VideoListView.swift in Sources */,
				ECFCB7AF29B36B270032ADAA /* VideoModel.swift in Sources */,
				EC56410B29AFD44400E67FB9 /* GalleryView.swift in Sources */,
				EC28D53529B551E00033DEE4 /* AnimalGridItemView.swift in Sources */,
				ECFCB7B829B3FECD0032ADAA /* LocationModel.swift in Sources */,
				EC56414229B00C3F00E67FB9 /* InsetGalleryView.swift in Sources */,
				ECFCB7B129B36B6C0032ADAA /* VideoListItemView.swift in Sources */,
				EC56411629AFE09400E67FB9 /* CodableBundleExtension.swift in Sources */,
				EC56414029B00A9200E67FB9 /* HeadingView.swift in Sources */,
				ECFCB7B329B3F8EF0032ADAA /* VideoPlayerView.swift in Sources */,
			);
			runOnlyForDeploymentPostprocessing = 0;
		};
/* End PBXSourcesBuildPhase section */

/* Begin XCBuildConfiguration section */
		EC5640D829AFD09D00E67FB9 /* Debug */ = {
			isa = XCBuildConfiguration;
			buildSettings = {
				ALWAYS_SEARCH_USER_PATHS = NO;
				CLANG_ANALYZER_NONNULL = YES;
				CLANG_ANALYZER_NUMBER_OBJECT_CONVERSION = YES_AGGRESSIVE;
				CLANG_CXX_LANGUAGE_STANDARD = "gnu++20";
				CLANG_ENABLE_MODULES = YES;
				CLANG_ENABLE_OBJC_ARC = YES;
				CLANG_ENABLE_OBJC_WEAK = YES;
				CLANG_WARN_BLOCK_CAPTURE_AUTORELEASING = YES;
				CLANG_WARN_BOOL_CONVERSION = YES;
				CLANG_WARN_COMMA = YES;
				CLANG_WARN_CONSTANT_CONVERSION = YES;
				CLANG_WARN_DEPRECATED_OBJC_IMPLEMENTATIONS = YES;
				CLANG_WARN_DIRECT_OBJC_ISA_USAGE = YES_ERROR;
				CLANG_WARN_DOCUMENTATION_COMMENTS = YES;
				CLANG_WARN_EMPTY_BODY = YES;
				CLANG_WARN_ENUM_CONVERSION = YES;
				CLANG_WARN_INFINITE_RECURSION = YES;
				CLANG_WARN_INT_CONVERSION = YES;
				CLANG_WARN_NON_LITERAL_NULL_CONVERSION = YES;
				CLANG_WARN_OBJC_IMPLICIT_RETAIN_SELF = YES;
				CLANG_WARN_OBJC_LITERAL_CONVERSION = YES;
				CLANG_WARN_OBJC_ROOT_CLASS = YES_ERROR;
				CLANG_WARN_QUOTED_INCLUDE_IN_FRAMEWORK_HEADER = YES;
				CLANG_WARN_RANGE_LOOP_ANALYSIS = YES;
				CLANG_WARN_STRICT_PROTOTYPES = YES;
				CLANG_WARN_SUSPICIOUS_MOVE = YES;
				CLANG_WARN_UNGUARDED_AVAILABILITY = YES_AGGRESSIVE;
				CLANG_WARN_UNREACHABLE_CODE = YES;
				CLANG_WARN__DUPLICATE_METHOD_MATCH = YES;
				COPY_PHASE_STRIP = NO;
				DEBUG_INFORMATION_FORMAT = dwarf;
				ENABLE_STRICT_OBJC_MSGSEND = YES;
				ENABLE_TESTABILITY = YES;
				GCC_C_LANGUAGE_STANDARD = gnu11;
				GCC_DYNAMIC_NO_PIC = NO;
				GCC_NO_COMMON_BLOCKS = YES;
				GCC_OPTIMIZATION_LEVEL = 0;
				GCC_PREPROCESSOR_DEFINITIONS = (
					"DEBUG=1",
					"$(inherited)",
				);
				GCC_WARN_64_TO_32_BIT_CONVERSION = YES;
				GCC_WARN_ABOUT_RETURN_TYPE = YES_ERROR;
				GCC_WARN_UNDECLARED_SELECTOR = YES;
				GCC_WARN_UNINITIALIZED_AUTOS = YES_AGGRESSIVE;
				GCC_WARN_UNUSED_FUNCTION = YES;
				GCC_WARN_UNUSED_VARIABLE = YES;
				IPHONEOS_DEPLOYMENT_TARGET = 16.2;
				MTL_ENABLE_DEBUG_INFO = INCLUDE_SOURCE;
				MTL_FAST_MATH = YES;
				ONLY_ACTIVE_ARCH = YES;
				SDKROOT = iphoneos;
				SWIFT_ACTIVE_COMPILATION_CONDITIONS = DEBUG;
				SWIFT_OPTIMIZATION_LEVEL = "-Onone";
			};
			name = Debug;
		};
		EC5640D929AFD09D00E67FB9 /* Release */ = {
			isa = XCBuildConfiguration;
			buildSettings = {
				ALWAYS_SEARCH_USER_PATHS = NO;
				CLANG_ANALYZER_NONNULL = YES;
				CLANG_ANALYZER_NUMBER_OBJECT_CONVERSION = YES_AGGRESSIVE;
				CLANG_CXX_LANGUAGE_STANDARD = "gnu++20";
				CLANG_ENABLE_MODULES = YES;
				CLANG_ENABLE_OBJC_ARC = YES;
				CLANG_ENABLE_OBJC_WEAK = YES;
				CLANG_WARN_BLOCK_CAPTURE_AUTORELEASING = YES;
				CLANG_WARN_BOOL_CONVERSION = YES;
				CLANG_WARN_COMMA = YES;
				CLANG_WARN_CONSTANT_CONVERSION = YES;
				CLANG_WARN_DEPRECATED_OBJC_IMPLEMENTATIONS = YES;
				CLANG_WARN_DIRECT_OBJC_ISA_USAGE = YES_ERROR;
				CLANG_WARN_DOCUMENTATION_COMMENTS = YES;
				CLANG_WARN_EMPTY_BODY = YES;
				CLANG_WARN_ENUM_CONVERSION = YES;
				CLANG_WARN_INFINITE_RECURSION = YES;
				CLANG_WARN_INT_CONVERSION = YES;
				CLANG_WARN_NON_LITERAL_NULL_CONVERSION = YES;
				CLANG_WARN_OBJC_IMPLICIT_RETAIN_SELF = YES;
				CLANG_WARN_OBJC_LITERAL_CONVERSION = YES;
				CLANG_WARN_OBJC_ROOT_CLASS = YES_ERROR;
				CLANG_WARN_QUOTED_INCLUDE_IN_FRAMEWORK_HEADER = YES;
				CLANG_WARN_RANGE_LOOP_ANALYSIS = YES;
				CLANG_WARN_STRICT_PROTOTYPES = YES;
				CLANG_WARN_SUSPICIOUS_MOVE = YES;
				CLANG_WARN_UNGUARDED_AVAILABILITY = YES_AGGRESSIVE;
				CLANG_WARN_UNREACHABLE_CODE = YES;
				CLANG_WARN__DUPLICATE_METHOD_MATCH = YES;
				COPY_PHASE_STRIP = NO;
				DEBUG_INFORMATION_FORMAT = "dwarf-with-dsym";
				ENABLE_NS_ASSERTIONS = NO;
				ENABLE_STRICT_OBJC_MSGSEND = YES;
				GCC_C_LANGUAGE_STANDARD = gnu11;
				GCC_NO_COMMON_BLOCKS = YES;
				GCC_WARN_64_TO_32_BIT_CONVERSION = YES;
				GCC_WARN_ABOUT_RETURN_TYPE = YES_ERROR;
				GCC_WARN_UNDECLARED_SELECTOR = YES;
				GCC_WARN_UNINITIALIZED_AUTOS = YES_AGGRESSIVE;
				GCC_WARN_UNUSED_FUNCTION = YES;
				GCC_WARN_UNUSED_VARIABLE = YES;
				IPHONEOS_DEPLOYMENT_TARGET = 16.2;
				MTL_ENABLE_DEBUG_INFO = NO;
				MTL_FAST_MATH = YES;
				SDKROOT = iphoneos;
				SWIFT_COMPILATION_MODE = wholemodule;
				SWIFT_OPTIMIZATION_LEVEL = "-O";
				VALIDATE_PRODUCT = YES;
			};
			name = Release;
		};
		EC5640DB29AFD09D00E67FB9 /* Debug */ = {
			isa = XCBuildConfiguration;
			buildSettings = {
				ASSETCATALOG_COMPILER_APPICON_NAME = AppIcon;
				ASSETCATALOG_COMPILER_GLOBAL_ACCENT_COLOR_NAME = AccentColor;
				CODE_SIGN_STYLE = Automatic;
				CURRENT_PROJECT_VERSION = 1;
				DEVELOPMENT_ASSET_PATHS = "\"Africa/Preview Content\"";
				ENABLE_PREVIEWS = YES;
				GENERATE_INFOPLIST_FILE = YES;
				INFOPLIST_FILE = Africa/Info.plist;
				INFOPLIST_KEY_UIApplicationSceneManifest_Generation = YES;
				INFOPLIST_KEY_UIApplicationSupportsIndirectInputEvents = YES;
				INFOPLIST_KEY_UISupportedInterfaceOrientations_iPad = "UIInterfaceOrientationPortrait UIInterfaceOrientationPortraitUpsideDown UIInterfaceOrientationLandscapeLeft UIInterfaceOrientationLandscapeRight";
				INFOPLIST_KEY_UISupportedInterfaceOrientations_iPhone = "UIInterfaceOrientationPortrait UIInterfaceOrientationLandscapeLeft UIInterfaceOrientationLandscapeRight";
				INFOPLIST_KEY_UIUserInterfaceStyle = Dark;
				LD_RUNPATH_SEARCH_PATHS = (
					"$(inherited)",
					"@executable_path/Frameworks",
				);
				MARKETING_VERSION = 1.0;
				PRODUCT_BUNDLE_IDENTIFIER = com.amr.Africa;
				PRODUCT_NAME = "$(TARGET_NAME)";
				SWIFT_EMIT_LOC_STRINGS = YES;
				SWIFT_VERSION = 5.0;
				TARGETED_DEVICE_FAMILY = "1,2";
			};
			name = Debug;
		};
		EC5640DC29AFD09D00E67FB9 /* Release */ = {
			isa = XCBuildConfiguration;
			buildSettings = {
				ASSETCATALOG_COMPILER_APPICON_NAME = AppIcon;
				ASSETCATALOG_COMPILER_GLOBAL_ACCENT_COLOR_NAME = AccentColor;
				CODE_SIGN_STYLE = Automatic;
				CURRENT_PROJECT_VERSION = 1;
				DEVELOPMENT_ASSET_PATHS = "\"Africa/Preview Content\"";
				ENABLE_PREVIEWS = YES;
				GENERATE_INFOPLIST_FILE = YES;
				INFOPLIST_FILE = Africa/Info.plist;
				INFOPLIST_KEY_UIApplicationSceneManifest_Generation = YES;
				INFOPLIST_KEY_UIApplicationSupportsIndirectInputEvents = YES;
				INFOPLIST_KEY_UISupportedInterfaceOrientations_iPad = "UIInterfaceOrientationPortrait UIInterfaceOrientationPortraitUpsideDown UIInterfaceOrientationLandscapeLeft UIInterfaceOrientationLandscapeRight";
				INFOPLIST_KEY_UISupportedInterfaceOrientations_iPhone = "UIInterfaceOrientationPortrait UIInterfaceOrientationLandscapeLeft UIInterfaceOrientationLandscapeRight";
				INFOPLIST_KEY_UIUserInterfaceStyle = Dark;
				LD_RUNPATH_SEARCH_PATHS = (
					"$(inherited)",
					"@executable_path/Frameworks",
				);
				MARKETING_VERSION = 1.0;
				PRODUCT_BUNDLE_IDENTIFIER = com.amr.Africa;
				PRODUCT_NAME = "$(TARGET_NAME)";
				SWIFT_EMIT_LOC_STRINGS = YES;
				SWIFT_VERSION = 5.0;
				TARGETED_DEVICE_FAMILY = "1,2";
			};
			name = Release;
		};
/* End XCBuildConfiguration section */

/* Begin XCConfigurationList section */
		EC5640C729AFD09C00E67FB9 /* Build configuration list for PBXProject "Africa" */ = {
			isa = XCConfigurationList;
			buildConfigurations = (
				EC5640D829AFD09D00E67FB9 /* Debug */,
				EC5640D929AFD09D00E67FB9 /* Release */,
			);
			defaultConfigurationIsVisible = 0;
			defaultConfigurationName = Release;
		};
		EC5640DA29AFD09D00E67FB9 /* Build configuration list for PBXNativeTarget "Africa" */ = {
			isa = XCConfigurationList;
			buildConfigurations = (
				EC5640DB29AFD09D00E67FB9 /* Debug */,
				EC5640DC29AFD09D00E67FB9 /* Release */,
			);
			defaultConfigurationIsVisible = 0;
			defaultConfigurationName = Release;
		};
/* End XCConfigurationList section */
	};
	rootObject = EC5640C429AFD09C00E67FB9 /* Project object */;
}
